
Microsoft Visual Studio Solution File, Format Version 12.00
# Visual Studio 15
VisualStudioVersion = 15.0.28307.902
MinimumVisualStudioVersion = 10.0.40219.1
Project("{8BC9CEB8-8B4A-11D0-8D11-00A0C91BC942}") = "PacketFile", "PacketFile\PacketFile.vcxproj", "{23120B23-5C93-44FF-9BC7-09303C594534}"
EndProject
Global
	GlobalSection(SolutionConfigurationPlatforms) = preSolution
		Debug|x64 = Debug|x64
		Debug|x86 = Debug|x86
		Release|x64 = Release|x64
		Release|x86 = Release|x86
	EndGlobalSection
	GlobalSection(ProjectConfigurationPlatforms) = postSolution
		{23120B23-5C93-44FF-9BC7-09303C594534}.Debug|x64.ActiveCfg = Debug|x64
		{23120B23-5C93-44FF-9BC7-09303C594534}.Debug|x64.Build.0 = Debug|x64
		{23120B23-5C93-44FF-9BC7-09303C594534}.Debug|x86.ActiveCfg = Debug|Win32
		{23120B23-5C93-44FF-9BC7-09303C594534}.Debug|x86.Build.0 = Debug|Win32
		{23120B23-5C93-44FF-9BC7-09303C594534}.Release|x64.ActiveCfg = Release|x64
		{23120B23-5C93-44FF-9BC7-09303C594534}.Release|x64.Build.0 = Release|x64
		{23120B23-5C93-44FF-9BC7-09303C594534}.Release|x86.ActiveCfg = Release|Win32
		{23120B23-5C93-44FF-9BC7-09303C594534}.Release|x86.Build.0 = Release|Win32
	EndGlobalSection
	GlobalSection(SolutionProperties) = preSolution
		HideSolutionNode = FALSE
	EndGlobalSection
	GlobalSection(ExtensibilityGlobals) = postSolution
		SolutionGuid = {EC0A3F05-49C2-4700-8F25-E720F7997243}
	EndGlobalSection
EndGlobal
